
Microsoft Visual Studio Solution File, Format Version 12.00
# Visual Studio 2012
Project("{FAE04EC0-301F-11D3-BF4B-00C04F79EFBC}") = "RentalFormApplication", "RentalFormApplication\RentalFormApplication.csproj", "{C47146B2-E7DC-4F76-A852-EC1FBE36A3C7}"
EndProject
Project("{FAE04EC0-301F-11D3-BF4B-00C04F79EFBC}") = "RentalFramework", "RentalFramework\RentalFramework.csproj", "{56A05F6A-4FC3-4920-AB7A-994D6ED58D53}"
EndProject
Global
	GlobalSection(SolutionConfigurationPlatforms) = preSolution
		Debug|Any CPU = Debug|Any CPU
		Release|Any CPU = Release|Any CPU
	EndGlobalSection
	GlobalSection(ProjectConfigurationPlatforms) = postSolution
		{C47146B2-E7DC-4F76-A852-EC1FBE36A3C7}.Debug|Any CPU.ActiveCfg = Debug|Any CPU
		{C47146B2-E7DC-4F76-A852-EC1FBE36A3C7}.Debug|Any CPU.Build.0 = Debug|Any CPU
		{C47146B2-E7DC-4F76-A852-EC1FBE36A3C7}.Release|Any CPU.ActiveCfg = Release|Any CPU
		{C47146B2-E7DC-4F76-A852-EC1FBE36A3C7}.Release|Any CPU.Build.0 = Release|Any CPU
		{56A05F6A-4FC3-4920-AB7A-994D6ED58D53}.Debug|Any CPU.ActiveCfg = Debug|Any CPU
		{56A05F6A-4FC3-4920-AB7A-994D6ED58D53}.Debug|Any CPU.Build.0 = Debug|Any CPU
		{56A05F6A-4FC3-4920-AB7A-994D6ED58D53}.Release|Any CPU.ActiveCfg = Release|Any CPU
		{56A05F6A-4FC3-4920-AB7A-994D6ED58D53}.Release|Any CPU.Build.0 = Release|Any CPU
	EndGlobalSection
	GlobalSection(SolutionProperties) = preSolution
		HideSolutionNode = FALSE
	EndGlobalSection
EndGlobal
